
Microsoft Visual Studio Solution File, Format Version 12.00
# Visual Studio 15
VisualStudioVersion = 15.0.27004.2009
MinimumVisualStudioVersion = 10.0.40219.1
Project("{FAE04EC0-301F-11D3-BF4B-00C04F79EFBC}") = "Constellation.Foundation.Data", "Constellation.Foundation.Data\Constellation.Foundation.Data.csproj", "{219879EB-1E95-4820-AAAC-D066312BF5D6}"
EndProject
Project("{2150E333-8FDC-42A3-9474-1A3956D46DE8}") = "Foundation", "Foundation", "{5A7B7ADA-7121-4A30-B215-7C1C57FC2197}"
EndProject
Project("{FAE04EC0-301F-11D3-BF4B-00C04F79EFBC}") = "Constellation.Foundation.Globalization", "Constellation.Foundation.Globalization\Constellation.Foundation.Globalization.csproj", "{6A5A54B7-8EC8-40BE-83ED-BA777B688058}"
EndProject
Project("{FAE04EC0-301F-11D3-BF4B-00C04F79EFBC}") = "Constellation.Foundation.Caching", "Constellation.Foundation.Caching\Constellation.Foundation.Caching.csproj", "{C25C6FF1-BD48-44F6-8BFB-34E3049F190E}"
EndProject
Project("{FAE04EC0-301F-11D3-BF4B-00C04F79EFBC}") = "Constellation.Foundation.Contexts", "Constellation.Foundation.Contexts\Constellation.Foundation.Contexts.csproj", "{31BAF5CE-9EB5-4C13-B035-22DC9A437B4A}"
EndProject
Project("{FAE04EC0-301F-11D3-BF4B-00C04F79EFBC}") = "Constellation.Foundation.Mvc", "Constellation.Foundation.Mvc\Constellation.Foundation.Mvc.csproj", "{FC613B28-769E-44C7-8139-8647C83575F4}"
EndProject
Project("{FAE04EC0-301F-11D3-BF4B-00C04F79EFBC}") = "Constellation.Foundation.Items", "Constellation.Foundation.Items\Constellation.Foundation.Items.csproj", "{8BEE3BD9-54F0-4A00-BA52-5361C0494378}"
EndProject
Project("{2150E333-8FDC-42A3-9474-1A3956D46DE8}") = "Feature", "Feature", "{CE4CC29C-1EB0-416B-BB74-F3DD917D0D0E}"
EndProject
Project("{FAE04EC0-301F-11D3-BF4B-00C04F79EFBC}") = "Constellation.Feature.UrlFriendlyPageNames", "Constellation.Feature.UrlFriendlyPageNames\Constellation.Feature.UrlFriendlyPageNames.csproj", "{6897FE47-0E4C-4941-B83F-7FBE12A7F15D}"
EndProject
Project("{FAE04EC0-301F-11D3-BF4B-00C04F79EFBC}") = "Constellation.Foundation.Datasources", "Constellation.Foundation.Datasources\Constellation.Foundation.Datasources.csproj", "{BA9D2869-AE40-41AF-BD50-0CCEB4CDA036}"
EndProject
Project("{FAE04EC0-301F-11D3-BF4B-00C04F79EFBC}") = "Constellation.Foundation.ModelMapping", "Constellation.Foundation.ModelMapping\Constellation.Foundation.ModelMapping.csproj", "{2DB5373A-5FDE-42A1-BE27-709D185F501D}"
EndProject
Project("{FAE04EC0-301F-11D3-BF4B-00C04F79EFBC}") = "Constellation.Feature.Navigation", "Constellation.Feature.Navigation\Constellation.Feature.Navigation.csproj", "{6B93D67C-B3B1-411C-9B89-39CDDE234403}"
EndProject
Project("{FAE04EC0-301F-11D3-BF4B-00C04F79EFBC}") = "Constellation.Feature.PageTagging", "Constellation.Feature.PageTagging\Constellation.Feature.PageTagging.csproj", "{FFE80401-E801-4358-A13F-6AD2ECBFED44}"
EndProject
Project("{FAE04EC0-301F-11D3-BF4B-00C04F79EFBC}") = "Constellation.Feature.ItemSorting", "Constellation.Feature.ItemSorting\Constellation.Feature.ItemSorting.csproj", "{6C8A3EE6-E142-4BFE-8150-CDF1A5AB76A4}"
EndProject
Project("{FAE04EC0-301F-11D3-BF4B-00C04F79EFBC}") = "Constellation.Feature.PageAnalyticsScripts", "Constellation.Feature.PageAnalyticsScripts\Constellation.Feature.PageAnalyticsScripts.csproj", "{ACB787D3-9A91-412E-B146-DA328123CD0B}"
EndProject
Project("{FAE04EC0-301F-11D3-BF4B-00C04F79EFBC}") = "Constellation.Foundation.PackageVerification", "Constellation.Foundation.PackageVerification\Constellation.Foundation.PackageVerification.csproj", "{667FF248-5DA7-4AB3-8507-06E84AEB2D82}"
EndProject
Project("{FAE04EC0-301F-11D3-BF4B-00C04F79EFBC}") = "Constellation.Foundation.SitemapXml", "Constellation.Foundation.SitemapXml\Constellation.Foundation.SitemapXml.csproj", "{C3623EE6-8B09-4F89-9514-B4BE0208B67A}"
EndProject
Project("{FAE04EC0-301F-11D3-BF4B-00C04F79EFBC}") = "Constellation.Feature.SitemapXml", "Constellation.Feature.SitemapXml\Constellation.Feature.SitemapXml.csproj", "{D17D41AB-018C-482E-B4E7-500D00C4E2A9}"
EndProject
Project("{FAE04EC0-301F-11D3-BF4B-00C04F79EFBC}") = "Constellation.Feature.PageTagging.SitemapXml", "Constellation.Feature.PageTagging.SitemapXml\Constellation.Feature.PageTagging.SitemapXml.csproj", "{E1D07A16-3543-4F79-BD70-A98ED8F696EC}"
EndProject
Project("{FAE04EC0-301F-11D3-BF4B-00C04F79EFBC}") = "Constellation.Foundation.Repositories", "Constellation.Foundation.Repositories\Constellation.Foundation.Repositories.csproj", "{A97EC60B-9983-4007-8942-112DE89B0B04}"
EndProject
Global
	GlobalSection(SolutionConfigurationPlatforms) = preSolution
		Debug|Any CPU = Debug|Any CPU
		Release|Any CPU = Release|Any CPU
	EndGlobalSection
	GlobalSection(ProjectConfigurationPlatforms) = postSolution
		{219879EB-1E95-4820-AAAC-D066312BF5D6}.Debug|Any CPU.ActiveCfg = Debug|Any CPU
		{219879EB-1E95-4820-AAAC-D066312BF5D6}.Debug|Any CPU.Build.0 = Debug|Any CPU
		{219879EB-1E95-4820-AAAC-D066312BF5D6}.Release|Any CPU.ActiveCfg = Release|Any CPU
		{219879EB-1E95-4820-AAAC-D066312BF5D6}.Release|Any CPU.Build.0 = Release|Any CPU
		{6A5A54B7-8EC8-40BE-83ED-BA777B688058}.Debug|Any CPU.ActiveCfg = Debug|Any CPU
		{6A5A54B7-8EC8-40BE-83ED-BA777B688058}.Debug|Any CPU.Build.0 = Debug|Any CPU
		{6A5A54B7-8EC8-40BE-83ED-BA777B688058}.Release|Any CPU.ActiveCfg = Release|Any CPU
		{6A5A54B7-8EC8-40BE-83ED-BA777B688058}.Release|Any CPU.Build.0 = Release|Any CPU
		{C25C6FF1-BD48-44F6-8BFB-34E3049F190E}.Debug|Any CPU.ActiveCfg = Debug|Any CPU
		{C25C6FF1-BD48-44F6-8BFB-34E3049F190E}.Debug|Any CPU.Build.0 = Debug|Any CPU
		{C25C6FF1-BD48-44F6-8BFB-34E3049F190E}.Release|Any CPU.ActiveCfg = Release|Any CPU
		{C25C6FF1-BD48-44F6-8BFB-34E3049F190E}.Release|Any CPU.Build.0 = Release|Any CPU
		{31BAF5CE-9EB5-4C13-B035-22DC9A437B4A}.Debug|Any CPU.ActiveCfg = Debug|Any CPU
		{31BAF5CE-9EB5-4C13-B035-22DC9A437B4A}.Debug|Any CPU.Build.0 = Debug|Any CPU
		{31BAF5CE-9EB5-4C13-B035-22DC9A437B4A}.Release|Any CPU.ActiveCfg = Release|Any CPU
		{31BAF5CE-9EB5-4C13-B035-22DC9A437B4A}.Release|Any CPU.Build.0 = Release|Any CPU
		{FC613B28-769E-44C7-8139-8647C83575F4}.Debug|Any CPU.ActiveCfg = Debug|Any CPU
		{FC613B28-769E-44C7-8139-8647C83575F4}.Debug|Any CPU.Build.0 = Debug|Any CPU
		{FC613B28-769E-44C7-8139-8647C83575F4}.Release|Any CPU.ActiveCfg = Release|Any CPU
		{FC613B28-769E-44C7-8139-8647C83575F4}.Release|Any CPU.Build.0 = Release|Any CPU
		{8BEE3BD9-54F0-4A00-BA52-5361C0494378}.Debug|Any CPU.ActiveCfg = Debug|Any CPU
		{8BEE3BD9-54F0-4A00-BA52-5361C0494378}.Debug|Any CPU.Build.0 = Debug|Any CPU
		{8BEE3BD9-54F0-4A00-BA52-5361C0494378}.Release|Any CPU.ActiveCfg = Release|Any CPU
		{8BEE3BD9-54F0-4A00-BA52-5361C0494378}.Release|Any CPU.Build.0 = Release|Any CPU
		{6897FE47-0E4C-4941-B83F-7FBE12A7F15D}.Debug|Any CPU.ActiveCfg = Debug|Any CPU
		{6897FE47-0E4C-4941-B83F-7FBE12A7F15D}.Debug|Any CPU.Build.0 = Debug|Any CPU
		{6897FE47-0E4C-4941-B83F-7FBE12A7F15D}.Release|Any CPU.ActiveCfg = Release|Any CPU
		{6897FE47-0E4C-4941-B83F-7FBE12A7F15D}.Release|Any CPU.Build.0 = Release|Any CPU
		{BA9D2869-AE40-41AF-BD50-0CCEB4CDA036}.Debug|Any CPU.ActiveCfg = Debug|Any CPU
		{BA9D2869-AE40-41AF-BD50-0CCEB4CDA036}.Debug|Any CPU.Build.0 = Debug|Any CPU
		{BA9D2869-AE40-41AF-BD50-0CCEB4CDA036}.Release|Any CPU.ActiveCfg = Release|Any CPU
		{BA9D2869-AE40-41AF-BD50-0CCEB4CDA036}.Release|Any CPU.Build.0 = Release|Any CPU
		{2DB5373A-5FDE-42A1-BE27-709D185F501D}.Debug|Any CPU.ActiveCfg = Debug|Any CPU
		{2DB5373A-5FDE-42A1-BE27-709D185F501D}.Debug|Any CPU.Build.0 = Debug|Any CPU
		{2DB5373A-5FDE-42A1-BE27-709D185F501D}.Release|Any CPU.ActiveCfg = Release|Any CPU
		{2DB5373A-5FDE-42A1-BE27-709D185F501D}.Release|Any CPU.Build.0 = Release|Any CPU
		{6B93D67C-B3B1-411C-9B89-39CDDE234403}.Debug|Any CPU.ActiveCfg = Debug|Any CPU
		{6B93D67C-B3B1-411C-9B89-39CDDE234403}.Debug|Any CPU.Build.0 = Debug|Any CPU
		{6B93D67C-B3B1-411C-9B89-39CDDE234403}.Release|Any CPU.ActiveCfg = Release|Any CPU
		{6B93D67C-B3B1-411C-9B89-39CDDE234403}.Release|Any CPU.Build.0 = Release|Any CPU
		{FFE80401-E801-4358-A13F-6AD2ECBFED44}.Debug|Any CPU.ActiveCfg = Debug|Any CPU
		{FFE80401-E801-4358-A13F-6AD2ECBFED44}.Debug|Any CPU.Build.0 = Debug|Any CPU
		{FFE80401-E801-4358-A13F-6AD2ECBFED44}.Release|Any CPU.ActiveCfg = Release|Any CPU
		{FFE80401-E801-4358-A13F-6AD2ECBFED44}.Release|Any CPU.Build.0 = Release|Any CPU
		{6C8A3EE6-E142-4BFE-8150-CDF1A5AB76A4}.Debug|Any CPU.ActiveCfg = Debug|Any CPU
		{6C8A3EE6-E142-4BFE-8150-CDF1A5AB76A4}.Debug|Any CPU.Build.0 = Debug|Any CPU
		{6C8A3EE6-E142-4BFE-8150-CDF1A5AB76A4}.Release|Any CPU.ActiveCfg = Release|Any CPU
		{6C8A3EE6-E142-4BFE-8150-CDF1A5AB76A4}.Release|Any CPU.Build.0 = Release|Any CPU
		{ACB787D3-9A91-412E-B146-DA328123CD0B}.Debug|Any CPU.ActiveCfg = Debug|Any CPU
		{ACB787D3-9A91-412E-B146-DA328123CD0B}.Debug|Any CPU.Build.0 = Debug|Any CPU
		{ACB787D3-9A91-412E-B146-DA328123CD0B}.Release|Any CPU.ActiveCfg = Release|Any CPU
		{ACB787D3-9A91-412E-B146-DA328123CD0B}.Release|Any CPU.Build.0 = Release|Any CPU
		{667FF248-5DA7-4AB3-8507-06E84AEB2D82}.Debug|Any CPU.ActiveCfg = Debug|Any CPU
		{667FF248-5DA7-4AB3-8507-06E84AEB2D82}.Debug|Any CPU.Build.0 = Debug|Any CPU
		{667FF248-5DA7-4AB3-8507-06E84AEB2D82}.Release|Any CPU.ActiveCfg = Release|Any CPU
		{667FF248-5DA7-4AB3-8507-06E84AEB2D82}.Release|Any CPU.Build.0 = Release|Any CPU
		{C3623EE6-8B09-4F89-9514-B4BE0208B67A}.Debug|Any CPU.ActiveCfg = Debug|Any CPU
		{C3623EE6-8B09-4F89-9514-B4BE0208B67A}.Debug|Any CPU.Build.0 = Debug|Any CPU
		{C3623EE6-8B09-4F89-9514-B4BE0208B67A}.Release|Any CPU.ActiveCfg = Release|Any CPU
		{C3623EE6-8B09-4F89-9514-B4BE0208B67A}.Release|Any CPU.Build.0 = Release|Any CPU
		{D17D41AB-018C-482E-B4E7-500D00C4E2A9}.Debug|Any CPU.ActiveCfg = Debug|Any CPU
		{D17D41AB-018C-482E-B4E7-500D00C4E2A9}.Debug|Any CPU.Build.0 = Debug|Any CPU
		{D17D41AB-018C-482E-B4E7-500D00C4E2A9}.Release|Any CPU.ActiveCfg = Release|Any CPU
		{D17D41AB-018C-482E-B4E7-500D00C4E2A9}.Release|Any CPU.Build.0 = Release|Any CPU
		{E1D07A16-3543-4F79-BD70-A98ED8F696EC}.Debug|Any CPU.ActiveCfg = Debug|Any CPU
		{E1D07A16-3543-4F79-BD70-A98ED8F696EC}.Debug|Any CPU.Build.0 = Debug|Any CPU
		{E1D07A16-3543-4F79-BD70-A98ED8F696EC}.Release|Any CPU.ActiveCfg = Release|Any CPU
		{E1D07A16-3543-4F79-BD70-A98ED8F696EC}.Release|Any CPU.Build.0 = Release|Any CPU
		{A97EC60B-9983-4007-8942-112DE89B0B04}.Debug|Any CPU.ActiveCfg = Debug|Any CPU
		{A97EC60B-9983-4007-8942-112DE89B0B04}.Debug|Any CPU.Build.0 = Debug|Any CPU
		{A97EC60B-9983-4007-8942-112DE89B0B04}.Release|Any CPU.ActiveCfg = Release|Any CPU
		{A97EC60B-9983-4007-8942-112DE89B0B04}.Release|Any CPU.Build.0 = Release|Any CPU
	EndGlobalSection
	GlobalSection(SolutionProperties) = preSolution
		HideSolutionNode = FALSE
	EndGlobalSection
	GlobalSection(NestedProjects) = preSolution
		{219879EB-1E95-4820-AAAC-D066312BF5D6} = {5A7B7ADA-7121-4A30-B215-7C1C57FC2197}
		{6A5A54B7-8EC8-40BE-83ED-BA777B688058} = {5A7B7ADA-7121-4A30-B215-7C1C57FC2197}
		{C25C6FF1-BD48-44F6-8BFB-34E3049F190E} = {5A7B7ADA-7121-4A30-B215-7C1C57FC2197}
		{31BAF5CE-9EB5-4C13-B035-22DC9A437B4A} = {5A7B7ADA-7121-4A30-B215-7C1C57FC2197}
		{FC613B28-769E-44C7-8139-8647C83575F4} = {5A7B7ADA-7121-4A30-B215-7C1C57FC2197}
		{8BEE3BD9-54F0-4A00-BA52-5361C0494378} = {5A7B7ADA-7121-4A30-B215-7C1C57FC2197}
		{6897FE47-0E4C-4941-B83F-7FBE12A7F15D} = {CE4CC29C-1EB0-416B-BB74-F3DD917D0D0E}
		{BA9D2869-AE40-41AF-BD50-0CCEB4CDA036} = {5A7B7ADA-7121-4A30-B215-7C1C57FC2197}
		{2DB5373A-5FDE-42A1-BE27-709D185F501D} = {5A7B7ADA-7121-4A30-B215-7C1C57FC2197}
		{6B93D67C-B3B1-411C-9B89-39CDDE234403} = {CE4CC29C-1EB0-416B-BB74-F3DD917D0D0E}
		{FFE80401-E801-4358-A13F-6AD2ECBFED44} = {CE4CC29C-1EB0-416B-BB74-F3DD917D0D0E}
		{6C8A3EE6-E142-4BFE-8150-CDF1A5AB76A4} = {CE4CC29C-1EB0-416B-BB74-F3DD917D0D0E}
		{ACB787D3-9A91-412E-B146-DA328123CD0B} = {CE4CC29C-1EB0-416B-BB74-F3DD917D0D0E}
		{667FF248-5DA7-4AB3-8507-06E84AEB2D82} = {5A7B7ADA-7121-4A30-B215-7C1C57FC2197}
		{C3623EE6-8B09-4F89-9514-B4BE0208B67A} = {5A7B7ADA-7121-4A30-B215-7C1C57FC2197}
		{D17D41AB-018C-482E-B4E7-500D00C4E2A9} = {CE4CC29C-1EB0-416B-BB74-F3DD917D0D0E}
		{E1D07A16-3543-4F79-BD70-A98ED8F696EC} = {CE4CC29C-1EB0-416B-BB74-F3DD917D0D0E}
		{A97EC60B-9983-4007-8942-112DE89B0B04} = {5A7B7ADA-7121-4A30-B215-7C1C57FC2197}
	EndGlobalSection
	GlobalSection(ExtensibilityGlobals) = postSolution
		SolutionGuid = {510028F4-B956-492B-9FC6-FD09D5A7B880}
	EndGlobalSection
EndGlobal
